// !$*UTF8*$!
{
	archiveVersion = 1;
	classes = {
	};
	objectVersion = 51;
	objects = {

/* Begin PBXBuildFile section */
		0C08ABFE51D3A0AA4639FB81 /* Pods_Reciplease_RecipleaseUITests.framework in Frameworks */ = {isa = PBXBuildFile; fileRef = 3CF27542F7FD3E99F0839792 /* Pods_Reciplease_RecipleaseUITests.framework */; };
		890098E2DDF2AFC221151026 /* Pods_RecipleaseTests.framework in Frameworks */ = {isa = PBXBuildFile; fileRef = F4653CAE4714A6A5E7C602F7 /* Pods_RecipleaseTests.framework */; };
		B7DB9A30E5A1823F0BED2ED5 /* Pods_Reciplease.framework in Frameworks */ = {isa = PBXBuildFile; fileRef = 4A47FDE4B981C78D6A18E989 /* Pods_Reciplease.framework */; };
		E61BA3B826BC3569002585FC /* RecipleaseTests.swift in Sources */ = {isa = PBXBuildFile; fileRef = E61BA3B726BC3569002585FC /* RecipleaseTests.swift */; };
		E61BA3C626BC3596002585FC /* RecipleaseUITests.swift in Sources */ = {isa = PBXBuildFile; fileRef = E61BA3C526BC3596002585FC /* RecipleaseUITests.swift */; };
		E61BA3CE26BC3639002585FC /* MockURLProtocol.swift in Sources */ = {isa = PBXBuildFile; fileRef = E61BA3CD26BC3639002585FC /* MockURLProtocol.swift */; };
		E67AA3E626B568E900D8DE0A /* WebViewController.swift in Sources */ = {isa = PBXBuildFile; fileRef = E67AA3E526B568E900D8DE0A /* WebViewController.swift */; };
		E6AAAF9B26ADD474003D4D43 /* ShowRecipesViewController.swift in Sources */ = {isa = PBXBuildFile; fileRef = E6AAAF9A26ADD474003D4D43 /* ShowRecipesViewController.swift */; };
		E6AAAF9F26AE0BFC003D4D43 /* IngredientsLineTableViewCell.swift in Sources */ = {isa = PBXBuildFile; fileRef = E6AAAF9E26AE0BFC003D4D43 /* IngredientsLineTableViewCell.swift */; };
		E6AAAFA326B02EC2003D4D43 /* Recipes.swift in Sources */ = {isa = PBXBuildFile; fileRef = E6AAAFA226B02EC2003D4D43 /* Recipes.swift */; };
		E6AAAFA526B0AAA0003D4D43 /* PresentFavoriteRecipesListTableViewCell.swift in Sources */ = {isa = PBXBuildFile; fileRef = E6AAAFA426B0AAA0003D4D43 /* PresentFavoriteRecipesListTableViewCell.swift */; };
		E6AD017126D9365B0046971E /* IngredientListName.swift in Sources */ = {isa = PBXBuildFile; fileRef = E6AD017026D9365B0046971E /* IngredientListName.swift */; };
		E6D479C626A45D540061AFEA /* AppDelegate.swift in Sources */ = {isa = PBXBuildFile; fileRef = E6D479C526A45D540061AFEA /* AppDelegate.swift */; };
		E6D479C826A45D540061AFEA /* SceneDelegate.swift in Sources */ = {isa = PBXBuildFile; fileRef = E6D479C726A45D540061AFEA /* SceneDelegate.swift */; };
		E6D479CD26A45D540061AFEA /* Main.storyboard in Resources */ = {isa = PBXBuildFile; fileRef = E6D479CB26A45D540061AFEA /* Main.storyboard */; };
		E6D479D026A45D540061AFEA /* Reciplease.xcdatamodeld in Sources */ = {isa = PBXBuildFile; fileRef = E6D479CE26A45D540061AFEA /* Reciplease.xcdatamodeld */; };
		E6D479D226A45D560061AFEA /* Assets.xcassets in Resources */ = {isa = PBXBuildFile; fileRef = E6D479D126A45D560061AFEA /* Assets.xcassets */; };
		E6D479D526A45D560061AFEA /* LaunchScreen.storyboard in Resources */ = {isa = PBXBuildFile; fileRef = E6D479D326A45D560061AFEA /* LaunchScreen.storyboard */; };
		E6D479FC26A460CE0061AFEA /* SearchViewController.swift in Sources */ = {isa = PBXBuildFile; fileRef = E6D479FB26A460CE0061AFEA /* SearchViewController.swift */; };
		E6D479FE26A460E00061AFEA /* FavoriteViewController.swift in Sources */ = {isa = PBXBuildFile; fileRef = E6D479FD26A460E00061AFEA /* FavoriteViewController.swift */; };
		E6D47A0026A49C840061AFEA /* RecipesAPI.swift in Sources */ = {isa = PBXBuildFile; fileRef = E6D479FF26A49C840061AFEA /* RecipesAPI.swift */; };
		E6D47A0226A49D600061AFEA /* RecipesServices.swift in Sources */ = {isa = PBXBuildFile; fileRef = E6D47A0126A49D600061AFEA /* RecipesServices.swift */; };
		E6E71AAD26A71ACB008FC309 /* RecipesData.swift in Sources */ = {isa = PBXBuildFile; fileRef = E6E71AAC26A71ACA008FC309 /* RecipesData.swift */; };
		E6E71AAF26A72B9A008FC309 /* IngredientsList.swift in Sources */ = {isa = PBXBuildFile; fileRef = E6E71AAE26A72B9A008FC309 /* IngredientsList.swift */; };
		E6E71AB126A73614008FC309 /* PresentIngredientsListTableViewCell.swift in Sources */ = {isa = PBXBuildFile; fileRef = E6E71AB026A73614008FC309 /* PresentIngredientsListTableViewCell.swift */; };
		E6E71AB326A890DE008FC309 /* RecipesListViewController.swift in Sources */ = {isa = PBXBuildFile; fileRef = E6E71AB226A890DE008FC309 /* RecipesListViewController.swift */; };
		E6E71AB526A8A1F5008FC309 /* PresentRecipesListTableView.swift in Sources */ = {isa = PBXBuildFile; fileRef = E6E71AB426A8A1F5008FC309 /* PresentRecipesListTableView.swift */; };
/* End PBXBuildFile section */

/* Begin PBXContainerItemProxy section */
		E61BA3BA26BC3569002585FC /* PBXContainerItemProxy */ = {
			isa = PBXContainerItemProxy;
			containerPortal = E6D479BA26A45D540061AFEA /* Project object */;
			proxyType = 1;
			remoteGlobalIDString = E6D479C126A45D540061AFEA;
			remoteInfo = Reciplease;
		};
		E61BA3C826BC3596002585FC /* PBXContainerItemProxy */ = {
			isa = PBXContainerItemProxy;
			containerPortal = E6D479BA26A45D540061AFEA /* Project object */;
			proxyType = 1;
			remoteGlobalIDString = E6D479C126A45D540061AFEA;
			remoteInfo = Reciplease;
		};
/* End PBXContainerItemProxy section */

/* Begin PBXFileReference section */
		3CF27542F7FD3E99F0839792 /* Pods_Reciplease_RecipleaseUITests.framework */ = {isa = PBXFileReference; explicitFileType = wrapper.framework; includeInIndex = 0; path = Pods_Reciplease_RecipleaseUITests.framework; sourceTree = BUILT_PRODUCTS_DIR; };
		4A47FDE4B981C78D6A18E989 /* Pods_Reciplease.framework */ = {isa = PBXFileReference; explicitFileType = wrapper.framework; includeInIndex = 0; path = Pods_Reciplease.framework; sourceTree = BUILT_PRODUCTS_DIR; };
		4CFEDFECAD580BF01BE11C87 /* Pods-Reciplease.release.xcconfig */ = {isa = PBXFileReference; includeInIndex = 1; lastKnownFileType = text.xcconfig; name = "Pods-Reciplease.release.xcconfig"; path = "Target Support Files/Pods-Reciplease/Pods-Reciplease.release.xcconfig"; sourceTree = "<group>"; };
		508648DF9D15EC251A1B826E /* Pods-RecipleaseTests.debug.xcconfig */ = {isa = PBXFileReference; includeInIndex = 1; lastKnownFileType = text.xcconfig; name = "Pods-RecipleaseTests.debug.xcconfig"; path = "Target Support Files/Pods-RecipleaseTests/Pods-RecipleaseTests.debug.xcconfig"; sourceTree = "<group>"; };
		BEF2B518E8819011CE8B08BB /* Pods-Reciplease-RecipleaseUITests.debug.xcconfig */ = {isa = PBXFileReference; includeInIndex = 1; lastKnownFileType = text.xcconfig; name = "Pods-Reciplease-RecipleaseUITests.debug.xcconfig"; path = "Target Support Files/Pods-Reciplease-RecipleaseUITests/Pods-Reciplease-RecipleaseUITests.debug.xcconfig"; sourceTree = "<group>"; };
		C8816CBE531A7C7560E19D32 /* Pods-RecipleaseTests.release.xcconfig */ = {isa = PBXFileReference; includeInIndex = 1; lastKnownFileType = text.xcconfig; name = "Pods-RecipleaseTests.release.xcconfig"; path = "Target Support Files/Pods-RecipleaseTests/Pods-RecipleaseTests.release.xcconfig"; sourceTree = "<group>"; };
		C94124FF22F3CC30D39E3C0A /* Pods-Reciplease-RecipleaseUITests.release.xcconfig */ = {isa = PBXFileReference; includeInIndex = 1; lastKnownFileType = text.xcconfig; name = "Pods-Reciplease-RecipleaseUITests.release.xcconfig"; path = "Target Support Files/Pods-Reciplease-RecipleaseUITests/Pods-Reciplease-RecipleaseUITests.release.xcconfig"; sourceTree = "<group>"; };
		E61BA3B526BC3569002585FC /* RecipleaseTests.xctest */ = {isa = PBXFileReference; explicitFileType = wrapper.cfbundle; includeInIndex = 0; path = RecipleaseTests.xctest; sourceTree = BUILT_PRODUCTS_DIR; };
		E61BA3B726BC3569002585FC /* RecipleaseTests.swift */ = {isa = PBXFileReference; lastKnownFileType = sourcecode.swift; path = RecipleaseTests.swift; sourceTree = "<group>"; };
		E61BA3B926BC3569002585FC /* Info.plist */ = {isa = PBXFileReference; lastKnownFileType = text.plist.xml; path = Info.plist; sourceTree = "<group>"; };
		E61BA3C326BC3596002585FC /* RecipleaseUITests.xctest */ = {isa = PBXFileReference; explicitFileType = wrapper.cfbundle; includeInIndex = 0; path = RecipleaseUITests.xctest; sourceTree = BUILT_PRODUCTS_DIR; };
		E61BA3C526BC3596002585FC /* RecipleaseUITests.swift */ = {isa = PBXFileReference; lastKnownFileType = sourcecode.swift; path = RecipleaseUITests.swift; sourceTree = "<group>"; };
		E61BA3C726BC3596002585FC /* Info.plist */ = {isa = PBXFileReference; lastKnownFileType = text.plist.xml; path = Info.plist; sourceTree = "<group>"; };
		E61BA3CD26BC3639002585FC /* MockURLProtocol.swift */ = {isa = PBXFileReference; lastKnownFileType = sourcecode.swift; path = MockURLProtocol.swift; sourceTree = "<group>"; };
		E67AA3E526B568E900D8DE0A /* WebViewController.swift */ = {isa = PBXFileReference; lastKnownFileType = sourcecode.swift; path = WebViewController.swift; sourceTree = "<group>"; };
		E6AAAF9A26ADD474003D4D43 /* ShowRecipesViewController.swift */ = {isa = PBXFileReference; lastKnownFileType = sourcecode.swift; path = ShowRecipesViewController.swift; sourceTree = "<group>"; };
		E6AAAF9E26AE0BFC003D4D43 /* IngredientsLineTableViewCell.swift */ = {isa = PBXFileReference; lastKnownFileType = sourcecode.swift; path = IngredientsLineTableViewCell.swift; sourceTree = "<group>"; };
		E6AAAFA226B02EC2003D4D43 /* Recipes.swift */ = {isa = PBXFileReference; lastKnownFileType = sourcecode.swift; path = Recipes.swift; sourceTree = "<group>"; };
		E6AAAFA426B0AAA0003D4D43 /* PresentFavoriteRecipesListTableViewCell.swift */ = {isa = PBXFileReference; lastKnownFileType = sourcecode.swift; path = PresentFavoriteRecipesListTableViewCell.swift; sourceTree = "<group>"; };
		E6AD017026D9365B0046971E /* IngredientListName.swift */ = {isa = PBXFileReference; lastKnownFileType = sourcecode.swift; path = IngredientListName.swift; sourceTree = "<group>"; };
		E6D479C226A45D540061AFEA /* Reciplease.app */ = {isa = PBXFileReference; explicitFileType = wrapper.application; includeInIndex = 0; path = Reciplease.app; sourceTree = BUILT_PRODUCTS_DIR; };
		E6D479C526A45D540061AFEA /* AppDelegate.swift */ = {isa = PBXFileReference; lastKnownFileType = sourcecode.swift; path = AppDelegate.swift; sourceTree = "<group>"; };
		E6D479C726A45D540061AFEA /* SceneDelegate.swift */ = {isa = PBXFileReference; lastKnownFileType = sourcecode.swift; path = SceneDelegate.swift; sourceTree = "<group>"; };
		E6D479CC26A45D540061AFEA /* Base */ = {isa = PBXFileReference; lastKnownFileType = file.storyboard; name = Base; path = Base.lproj/Main.storyboard; sourceTree = "<group>"; };
		E6D479CF26A45D540061AFEA /* Reciplease.xcdatamodel */ = {isa = PBXFileReference; lastKnownFileType = wrapper.xcdatamodel; path = Reciplease.xcdatamodel; sourceTree = "<group>"; };
		E6D479D126A45D560061AFEA /* Assets.xcassets */ = {isa = PBXFileReference; lastKnownFileType = folder.assetcatalog; path = Assets.xcassets; sourceTree = "<group>"; };
		E6D479D426A45D560061AFEA /* Base */ = {isa = PBXFileReference; lastKnownFileType = file.storyboard; name = Base; path = Base.lproj/LaunchScreen.storyboard; sourceTree = "<group>"; };
		E6D479D626A45D560061AFEA /* Info.plist */ = {isa = PBXFileReference; lastKnownFileType = text.plist.xml; path = Info.plist; sourceTree = "<group>"; };
		E6D479FB26A460CE0061AFEA /* SearchViewController.swift */ = {isa = PBXFileReference; lastKnownFileType = sourcecode.swift; path = SearchViewController.swift; sourceTree = "<group>"; };
		E6D479FD26A460E00061AFEA /* FavoriteViewController.swift */ = {isa = PBXFileReference; lastKnownFileType = sourcecode.swift; path = FavoriteViewController.swift; sourceTree = "<group>"; };
		E6D479FF26A49C840061AFEA /* RecipesAPI.swift */ = {isa = PBXFileReference; lastKnownFileType = sourcecode.swift; path = RecipesAPI.swift; sourceTree = "<group>"; };
		E6D47A0126A49D600061AFEA /* RecipesServices.swift */ = {isa = PBXFileReference; lastKnownFileType = sourcecode.swift; path = RecipesServices.swift; sourceTree = "<group>"; };
		E6E71AAC26A71ACA008FC309 /* RecipesData.swift */ = {isa = PBXFileReference; lastKnownFileType = sourcecode.swift; path = RecipesData.swift; sourceTree = "<group>"; };
		E6E71AAE26A72B9A008FC309 /* IngredientsList.swift */ = {isa = PBXFileReference; lastKnownFileType = sourcecode.swift; path = IngredientsList.swift; sourceTree = "<group>"; };
		E6E71AB026A73614008FC309 /* PresentIngredientsListTableViewCell.swift */ = {isa = PBXFileReference; lastKnownFileType = sourcecode.swift; path = PresentIngredientsListTableViewCell.swift; sourceTree = "<group>"; };
		E6E71AB226A890DE008FC309 /* RecipesListViewController.swift */ = {isa = PBXFileReference; lastKnownFileType = sourcecode.swift; path = RecipesListViewController.swift; sourceTree = "<group>"; };
		E6E71AB426A8A1F5008FC309 /* PresentRecipesListTableView.swift */ = {isa = PBXFileReference; lastKnownFileType = sourcecode.swift; path = PresentRecipesListTableView.swift; sourceTree = "<group>"; };
		EE3F9DDB7CE1A6DE11B3A0AF /* Pods-Reciplease.debug.xcconfig */ = {isa = PBXFileReference; includeInIndex = 1; lastKnownFileType = text.xcconfig; name = "Pods-Reciplease.debug.xcconfig"; path = "Target Support Files/Pods-Reciplease/Pods-Reciplease.debug.xcconfig"; sourceTree = "<group>"; };
		F4653CAE4714A6A5E7C602F7 /* Pods_RecipleaseTests.framework */ = {isa = PBXFileReference; explicitFileType = wrapper.framework; includeInIndex = 0; path = Pods_RecipleaseTests.framework; sourceTree = BUILT_PRODUCTS_DIR; };
/* End PBXFileReference section */

/* Begin PBXFrameworksBuildPhase section */
		E61BA3B226BC3569002585FC /* Frameworks */ = {
			isa = PBXFrameworksBuildPhase;
			buildActionMask = 2147483647;
			files = (
				890098E2DDF2AFC221151026 /* Pods_RecipleaseTests.framework in Frameworks */,
			);
			runOnlyForDeploymentPostprocessing = 0;
		};
		E61BA3C026BC3596002585FC /* Frameworks */ = {
			isa = PBXFrameworksBuildPhase;
			buildActionMask = 2147483647;
			files = (
				0C08ABFE51D3A0AA4639FB81 /* Pods_Reciplease_RecipleaseUITests.framework in Frameworks */,
			);
			runOnlyForDeploymentPostprocessing = 0;
		};
		E6D479BF26A45D540061AFEA /* Frameworks */ = {
			isa = PBXFrameworksBuildPhase;
			buildActionMask = 2147483647;
			files = (
				B7DB9A30E5A1823F0BED2ED5 /* Pods_Reciplease.framework in Frameworks */,
			);
			runOnlyForDeploymentPostprocessing = 0;
		};
/* End PBXFrameworksBuildPhase section */

/* Begin PBXGroup section */
		DC0EAD96AABE2335433279A2 /* Frameworks */ = {
			isa = PBXGroup;
			children = (
				4A47FDE4B981C78D6A18E989 /* Pods_Reciplease.framework */,
				3CF27542F7FD3E99F0839792 /* Pods_Reciplease_RecipleaseUITests.framework */,
				F4653CAE4714A6A5E7C602F7 /* Pods_RecipleaseTests.framework */,
			);
			name = Frameworks;
			sourceTree = "<group>";
		};
		E61BA3B626BC3569002585FC /* RecipleaseTests */ = {
			isa = PBXGroup;
			children = (
				E61BA3B726BC3569002585FC /* RecipleaseTests.swift */,
				E61BA3B926BC3569002585FC /* Info.plist */,
				E61BA3CD26BC3639002585FC /* MockURLProtocol.swift */,
			);
			path = RecipleaseTests;
			sourceTree = "<group>";
		};
		E61BA3C426BC3596002585FC /* RecipleaseUITests */ = {
			isa = PBXGroup;
			children = (
				E61BA3C526BC3596002585FC /* RecipleaseUITests.swift */,
				E61BA3C726BC3596002585FC /* Info.plist */,
			);
			path = RecipleaseUITests;
			sourceTree = "<group>";
		};
		E6D479B926A45D540061AFEA = {
			isa = PBXGroup;
			children = (
				E6D479C426A45D540061AFEA /* Reciplease */,
				E61BA3B626BC3569002585FC /* RecipleaseTests */,
				E61BA3C426BC3596002585FC /* RecipleaseUITests */,
				E6D479C326A45D540061AFEA /* Products */,
				EACAE1583D8DBF85636161C5 /* Pods */,
				DC0EAD96AABE2335433279A2 /* Frameworks */,
			);
			sourceTree = "<group>";
		};
		E6D479C326A45D540061AFEA /* Products */ = {
			isa = PBXGroup;
			children = (
				E6D479C226A45D540061AFEA /* Reciplease.app */,
				E61BA3B526BC3569002585FC /* RecipleaseTests.xctest */,
				E61BA3C326BC3596002585FC /* RecipleaseUITests.xctest */,
			);
			name = Products;
			sourceTree = "<group>";
		};
		E6D479C426A45D540061AFEA /* Reciplease */ = {
			isa = PBXGroup;
			children = (
				E6D479F826A45E640061AFEA /* Model */,
				E6D479F926A45E6B0061AFEA /* Vue */,
				E6D479FA26A45E710061AFEA /* Controler */,
				E6D479C526A45D540061AFEA /* AppDelegate.swift */,
				E6D479C726A45D540061AFEA /* SceneDelegate.swift */,
				E6D479D126A45D560061AFEA /* Assets.xcassets */,
				E6D479D626A45D560061AFEA /* Info.plist */,
			);
			path = Reciplease;
			sourceTree = "<group>";
		};
		E6D479F826A45E640061AFEA /* Model */ = {
			isa = PBXGroup;
			children = (
				E6D479CE26A45D540061AFEA /* Reciplease.xcdatamodeld */,
				E6D479FF26A49C840061AFEA /* RecipesAPI.swift */,
				E6E71AAC26A71ACA008FC309 /* RecipesData.swift */,
				E6E71AAE26A72B9A008FC309 /* IngredientsList.swift */,
				E6D47A0326A49D640061AFEA /* Services */,
				E6AAAFA226B02EC2003D4D43 /* Recipes.swift */,
				E6AD017026D9365B0046971E /* IngredientListName.swift */,
			);
			path = Model;
			sourceTree = "<group>";
		};
		E6D479F926A45E6B0061AFEA /* Vue */ = {
			isa = PBXGroup;
			children = (
				E6D479CB26A45D540061AFEA /* Main.storyboard */,
				E6D479D326A45D560061AFEA /* LaunchScreen.storyboard */,
				E6E71AB026A73614008FC309 /* PresentIngredientsListTableViewCell.swift */,
				E6E71AB426A8A1F5008FC309 /* PresentRecipesListTableView.swift */,
				E6AAAF9E26AE0BFC003D4D43 /* IngredientsLineTableViewCell.swift */,
				E6AAAFA426B0AAA0003D4D43 /* PresentFavoriteRecipesListTableViewCell.swift */,
			);
			path = Vue;
			sourceTree = "<group>";
		};
		E6D479FA26A45E710061AFEA /* Controler */ = {
			isa = PBXGroup;
			children = (
				E6AAAF9A26ADD474003D4D43 /* ShowRecipesViewController.swift */,
				E6D479FB26A460CE0061AFEA /* SearchViewController.swift */,
				E6E71AB226A890DE008FC309 /* RecipesListViewController.swift */,
				E6D479FD26A460E00061AFEA /* FavoriteViewController.swift */,
				E67AA3E526B568E900D8DE0A /* WebViewController.swift */,
			);
			path = Controler;
			sourceTree = "<group>";
		};
		E6D47A0326A49D640061AFEA /* Services */ = {
			isa = PBXGroup;
			children = (
				E6D47A0126A49D600061AFEA /* RecipesServices.swift */,
			);
			path = Services;
			sourceTree = "<group>";
		};
		EACAE1583D8DBF85636161C5 /* Pods */ = {
			isa = PBXGroup;
			children = (
				EE3F9DDB7CE1A6DE11B3A0AF /* Pods-Reciplease.debug.xcconfig */,
				4CFEDFECAD580BF01BE11C87 /* Pods-Reciplease.release.xcconfig */,
				BEF2B518E8819011CE8B08BB /* Pods-Reciplease-RecipleaseUITests.debug.xcconfig */,
				C94124FF22F3CC30D39E3C0A /* Pods-Reciplease-RecipleaseUITests.release.xcconfig */,
				508648DF9D15EC251A1B826E /* Pods-RecipleaseTests.debug.xcconfig */,
				C8816CBE531A7C7560E19D32 /* Pods-RecipleaseTests.release.xcconfig */,
			);
			path = Pods;
			sourceTree = "<group>";
		};
/* End PBXGroup section */

/* Begin PBXNativeTarget section */
		E61BA3B426BC3569002585FC /* RecipleaseTests */ = {
			isa = PBXNativeTarget;
			buildConfigurationList = E61BA3BE26BC3569002585FC /* Build configuration list for PBXNativeTarget "RecipleaseTests" */;
			buildPhases = (
				EB215BB57800C897C9D0BEDA /* [CP] Check Pods Manifest.lock */,
				E61BA3B126BC3569002585FC /* Sources */,
				E61BA3B226BC3569002585FC /* Frameworks */,
				E61BA3B326BC3569002585FC /* Resources */,
			);
			buildRules = (
			);
			dependencies = (
				E61BA3BB26BC3569002585FC /* PBXTargetDependency */,
			);
			name = RecipleaseTests;
			productName = RecipleaseTests;
			productReference = E61BA3B526BC3569002585FC /* RecipleaseTests.xctest */;
			productType = "com.apple.product-type.bundle.unit-test";
		};
		E61BA3C226BC3596002585FC /* RecipleaseUITests */ = {
			isa = PBXNativeTarget;
			buildConfigurationList = E61BA3CA26BC3596002585FC /* Build configuration list for PBXNativeTarget "RecipleaseUITests" */;
			buildPhases = (
				F55FE263C3E16C8B57832045 /* [CP] Check Pods Manifest.lock */,
				E61BA3BF26BC3596002585FC /* Sources */,
				E61BA3C026BC3596002585FC /* Frameworks */,
				E61BA3C126BC3596002585FC /* Resources */,
				E0FD335F1221C904A76F25BE /* [CP] Embed Pods Frameworks */,
			);
			buildRules = (
			);
			dependencies = (
				E61BA3C926BC3596002585FC /* PBXTargetDependency */,
			);
			name = RecipleaseUITests;
			productName = RecipleaseUITests;
			productReference = E61BA3C326BC3596002585FC /* RecipleaseUITests.xctest */;
			productType = "com.apple.product-type.bundle.ui-testing";
		};
		E6D479C126A45D540061AFEA /* Reciplease */ = {
			isa = PBXNativeTarget;
			buildConfigurationList = E6D479EF26A45D560061AFEA /* Build configuration list for PBXNativeTarget "Reciplease" */;
			buildPhases = (
				4C872ACFBACC5D4F82393F7F /* [CP] Check Pods Manifest.lock */,
				E6D479BE26A45D540061AFEA /* Sources */,
				E6D479BF26A45D540061AFEA /* Frameworks */,
				E6D479C026A45D540061AFEA /* Resources */,
				9D50B4E52A70CD73545CFC70 /* [CP] Embed Pods Frameworks */,
			);
			buildRules = (
			);
			dependencies = (
			);
			name = Reciplease;
			productName = Reciplease;
			productReference = E6D479C226A45D540061AFEA /* Reciplease.app */;
			productType = "com.apple.product-type.application";
		};
/* End PBXNativeTarget section */

/* Begin PBXProject section */
		E6D479BA26A45D540061AFEA /* Project object */ = {
			isa = PBXProject;
			attributes = {
				LastSwiftUpdateCheck = 1250;
				LastUpgradeCheck = 1250;
				TargetAttributes = {
					E61BA3B426BC3569002585FC = {
						CreatedOnToolsVersion = 12.5.1;
						TestTargetID = E6D479C126A45D540061AFEA;
					};
					E61BA3C226BC3596002585FC = {
						CreatedOnToolsVersion = 12.5.1;
						TestTargetID = E6D479C126A45D540061AFEA;
					};
					E6D479C126A45D540061AFEA = {
						CreatedOnToolsVersion = 12.5.1;
					};
				};
			};
			buildConfigurationList = E6D479BD26A45D540061AFEA /* Build configuration list for PBXProject "Reciplease" */;
			compatibilityVersion = "Xcode 9.3";
			developmentRegion = en;
			hasScannedForEncodings = 0;
			knownRegions = (
				en,
				Base,
			);
			mainGroup = E6D479B926A45D540061AFEA;
			productRefGroup = E6D479C326A45D540061AFEA /* Products */;
			projectDirPath = "";
			projectRoot = "";
			targets = (
				E6D479C126A45D540061AFEA /* Reciplease */,
				E61BA3B426BC3569002585FC /* RecipleaseTests */,
				E61BA3C226BC3596002585FC /* RecipleaseUITests */,
			);
		};
/* End PBXProject section */

/* Begin PBXResourcesBuildPhase section */
		E61BA3B326BC3569002585FC /* Resources */ = {
			isa = PBXResourcesBuildPhase;
			buildActionMask = 2147483647;
			files = (
			);
			runOnlyForDeploymentPostprocessing = 0;
		};
		E61BA3C126BC3596002585FC /* Resources */ = {
			isa = PBXResourcesBuildPhase;
			buildActionMask = 2147483647;
			files = (
			);
			runOnlyForDeploymentPostprocessing = 0;
		};
		E6D479C026A45D540061AFEA /* Resources */ = {
			isa = PBXResourcesBuildPhase;
			buildActionMask = 2147483647;
			files = (
				E6D479D526A45D560061AFEA /* LaunchScreen.storyboard in Resources */,
				E6D479D226A45D560061AFEA /* Assets.xcassets in Resources */,
				E6D479CD26A45D540061AFEA /* Main.storyboard in Resources */,
			);
			runOnlyForDeploymentPostprocessing = 0;
		};
/* End PBXResourcesBuildPhase section */

/* Begin PBXShellScriptBuildPhase section */
		4C872ACFBACC5D4F82393F7F /* [CP] Check Pods Manifest.lock */ = {
			isa = PBXShellScriptBuildPhase;
			buildActionMask = 2147483647;
			files = (
			);
			inputFileListPaths = (
			);
			inputPaths = (
				"${PODS_PODFILE_DIR_PATH}/Podfile.lock",
				"${PODS_ROOT}/Manifest.lock",
			);
			name = "[CP] Check Pods Manifest.lock";
			outputFileListPaths = (
			);
			outputPaths = (
				"$(DERIVED_FILE_DIR)/Pods-Reciplease-checkManifestLockResult.txt",
			);
			runOnlyForDeploymentPostprocessing = 0;
			shellPath = /bin/sh;
			shellScript = "diff \"${PODS_PODFILE_DIR_PATH}/Podfile.lock\" \"${PODS_ROOT}/Manifest.lock\" > /dev/null\nif [ $? != 0 ] ; then\n    # print error to STDERR\n    echo \"error: The sandbox is not in sync with the Podfile.lock. Run 'pod install' or update your CocoaPods installation.\" >&2\n    exit 1\nfi\n# This output is used by Xcode 'outputs' to avoid re-running this script phase.\necho \"SUCCESS\" > \"${SCRIPT_OUTPUT_FILE_0}\"\n";
			showEnvVarsInLog = 0;
		};
		9D50B4E52A70CD73545CFC70 /* [CP] Embed Pods Frameworks */ = {
			isa = PBXShellScriptBuildPhase;
			buildActionMask = 2147483647;
			files = (
			);
			inputFileListPaths = (
				"${PODS_ROOT}/Target Support Files/Pods-Reciplease/Pods-Reciplease-frameworks-${CONFIGURATION}-input-files.xcfilelist",
			);
			name = "[CP] Embed Pods Frameworks";
			outputFileListPaths = (
				"${PODS_ROOT}/Target Support Files/Pods-Reciplease/Pods-Reciplease-frameworks-${CONFIGURATION}-output-files.xcfilelist",
			);
			runOnlyForDeploymentPostprocessing = 0;
			shellPath = /bin/sh;
			shellScript = "\"${PODS_ROOT}/Target Support Files/Pods-Reciplease/Pods-Reciplease-frameworks.sh\"\n";
			showEnvVarsInLog = 0;
		};
		E0FD335F1221C904A76F25BE /* [CP] Embed Pods Frameworks */ = {
			isa = PBXShellScriptBuildPhase;
			buildActionMask = 2147483647;
			files = (
			);
			inputFileListPaths = (
				"${PODS_ROOT}/Target Support Files/Pods-Reciplease-RecipleaseUITests/Pods-Reciplease-RecipleaseUITests-frameworks-${CONFIGURATION}-input-files.xcfilelist",
			);
			name = "[CP] Embed Pods Frameworks";
			outputFileListPaths = (
				"${PODS_ROOT}/Target Support Files/Pods-Reciplease-RecipleaseUITests/Pods-Reciplease-RecipleaseUITests-frameworks-${CONFIGURATION}-output-files.xcfilelist",
			);
			runOnlyForDeploymentPostprocessing = 0;
			shellPath = /bin/sh;
			shellScript = "\"${PODS_ROOT}/Target Support Files/Pods-Reciplease-RecipleaseUITests/Pods-Reciplease-RecipleaseUITests-frameworks.sh\"\n";
			showEnvVarsInLog = 0;
		};
		EB215BB57800C897C9D0BEDA /* [CP] Check Pods Manifest.lock */ = {
			isa = PBXShellScriptBuildPhase;
			buildActionMask = 2147483647;
			files = (
			);
			inputFileListPaths = (
			);
			inputPaths = (
				"${PODS_PODFILE_DIR_PATH}/Podfile.lock",
				"${PODS_ROOT}/Manifest.lock",
			);
			name = "[CP] Check Pods Manifest.lock";
			outputFileListPaths = (
			);
			outputPaths = (
				"$(DERIVED_FILE_DIR)/Pods-RecipleaseTests-checkManifestLockResult.txt",
			);
			runOnlyForDeploymentPostprocessing = 0;
			shellPath = /bin/sh;
			shellScript = "diff \"${PODS_PODFILE_DIR_PATH}/Podfile.lock\" \"${PODS_ROOT}/Manifest.lock\" > /dev/null\nif [ $? != 0 ] ; then\n    # print error to STDERR\n    echo \"error: The sandbox is not in sync with the Podfile.lock. Run 'pod install' or update your CocoaPods installation.\" >&2\n    exit 1\nfi\n# This output is used by Xcode 'outputs' to avoid re-running this script phase.\necho \"SUCCESS\" > \"${SCRIPT_OUTPUT_FILE_0}\"\n";
			showEnvVarsInLog = 0;
		};
		F55FE263C3E16C8B57832045 /* [CP] Check Pods Manifest.lock */ = {
			isa = PBXShellScriptBuildPhase;
			buildActionMask = 2147483647;
			files = (
			);
			inputFileListPaths = (
			);
			inputPaths = (
				"${PODS_PODFILE_DIR_PATH}/Podfile.lock",
				"${PODS_ROOT}/Manifest.lock",
			);
			name = "[CP] Check Pods Manifest.lock";
			outputFileListPaths = (
			);
			outputPaths = (
				"$(DERIVED_FILE_DIR)/Pods-Reciplease-RecipleaseUITests-checkManifestLockResult.txt",
			);
			runOnlyForDeploymentPostprocessing = 0;
			shellPath = /bin/sh;
			shellScript = "diff \"${PODS_PODFILE_DIR_PATH}/Podfile.lock\" \"${PODS_ROOT}/Manifest.lock\" > /dev/null\nif [ $? != 0 ] ; then\n    # print error to STDERR\n    echo \"error: The sandbox is not in sync with the Podfile.lock. Run 'pod install' or update your CocoaPods installation.\" >&2\n    exit 1\nfi\n# This output is used by Xcode 'outputs' to avoid re-running this script phase.\necho \"SUCCESS\" > \"${SCRIPT_OUTPUT_FILE_0}\"\n";
			showEnvVarsInLog = 0;
		};
/* End PBXShellScriptBuildPhase section */

/* Begin PBXSourcesBuildPhase section */
		E61BA3B126BC3569002585FC /* Sources */ = {
			isa = PBXSourcesBuildPhase;
			buildActionMask = 2147483647;
			files = (
				E61BA3B826BC3569002585FC /* RecipleaseTests.swift in Sources */,
				E61BA3CE26BC3639002585FC /* MockURLProtocol.swift in Sources */,
			);
			runOnlyForDeploymentPostprocessing = 0;
		};
		E61BA3BF26BC3596002585FC /* Sources */ = {
			isa = PBXSourcesBuildPhase;
			buildActionMask = 2147483647;
			files = (
				E61BA3C626BC3596002585FC /* RecipleaseUITests.swift in Sources */,
			);
			runOnlyForDeploymentPostprocessing = 0;
		};
		E6D479BE26A45D540061AFEA /* Sources */ = {
			isa = PBXSourcesBuildPhase;
			buildActionMask = 2147483647;
			files = (
				E67AA3E626B568E900D8DE0A /* WebViewController.swift in Sources */,
				E6D479D026A45D540061AFEA /* Reciplease.xcdatamodeld in Sources */,
				E6E71AAF26A72B9A008FC309 /* IngredientsList.swift in Sources */,
				E6E71AAD26A71ACB008FC309 /* RecipesData.swift in Sources */,
				E6AAAFA526B0AAA0003D4D43 /* PresentFavoriteRecipesListTableViewCell.swift in Sources */,
				E6AAAF9B26ADD474003D4D43 /* ShowRecipesViewController.swift in Sources */,
				E6D47A0026A49C840061AFEA /* RecipesAPI.swift in Sources */,
				E6E71AB126A73614008FC309 /* PresentIngredientsListTableViewCell.swift in Sources */,
				E6D479C626A45D540061AFEA /* AppDelegate.swift in Sources */,
				E6D479FC26A460CE0061AFEA /* SearchViewController.swift in Sources */,
				E6D479C826A45D540061AFEA /* SceneDelegate.swift in Sources */,
				E6AD017126D9365B0046971E /* IngredientListName.swift in Sources */,
				E6D47A0226A49D600061AFEA /* RecipesServices.swift in Sources */,
				E6AAAFA326B02EC2003D4D43 /* Recipes.swift in Sources */,
				E6AAAF9F26AE0BFC003D4D43 /* IngredientsLineTableViewCell.swift in Sources */,
				E6E71AB526A8A1F5008FC309 /* PresentRecipesListTableView.swift in Sources */,
				E6E71AB326A890DE008FC309 /* RecipesListViewController.swift in Sources */,
				E6D479FE26A460E00061AFEA /* FavoriteViewController.swift in Sources */,
			);
			runOnlyForDeploymentPostprocessing = 0;
		};
/* End PBXSourcesBuildPhase section */

/* Begin PBXTargetDependency section */
		E61BA3BB26BC3569002585FC /* PBXTargetDependency */ = {
			isa = PBXTargetDependency;
			target = E6D479C126A45D540061AFEA /* Reciplease */;
			targetProxy = E61BA3BA26BC3569002585FC /* PBXContainerItemProxy */;
		};
		E61BA3C926BC3596002585FC /* PBXTargetDependency */ = {
			isa = PBXTargetDependency;
			target = E6D479C126A45D540061AFEA /* Reciplease */;
			targetProxy = E61BA3C826BC3596002585FC /* PBXContainerItemProxy */;
		};
/* End PBXTargetDependency section */

/* Begin PBXVariantGroup section */
		E6D479CB26A45D540061AFEA /* Main.storyboard */ = {
			isa = PBXVariantGroup;
			children = (
				E6D479CC26A45D540061AFEA /* Base */,
			);
			name = Main.storyboard;
			sourceTree = "<group>";
		};
		E6D479D326A45D560061AFEA /* LaunchScreen.storyboard */ = {
			isa = PBXVariantGroup;
			children = (
				E6D479D426A45D560061AFEA /* Base */,
			);
			name = LaunchScreen.storyboard;
			sourceTree = "<group>";
		};
/* End PBXVariantGroup section */

/* Begin XCBuildConfiguration section */
		E61BA3BC26BC3569002585FC /* Debug */ = {
			isa = XCBuildConfiguration;
			baseConfigurationReference = 508648DF9D15EC251A1B826E /* Pods-RecipleaseTests.debug.xcconfig */;
			buildSettings = {
				BUNDLE_LOADER = "$(TEST_HOST)";
				CODE_SIGN_STYLE = Automatic;
				DEVELOPMENT_TEAM = 6G9LUNFQUF;
				INFOPLIST_FILE = RecipleaseTests/Info.plist;
				LD_RUNPATH_SEARCH_PATHS = (
					"$(inherited)",
					"@executable_path/Frameworks",
					"@loader_path/Frameworks",
				);
				PRODUCT_BUNDLE_IDENTIFIER = fr.benjomaa.farid.RecipleaseTests;
				PRODUCT_NAME = "$(TARGET_NAME)";
				SWIFT_VERSION = 5.0;
				TARGETED_DEVICE_FAMILY = "1,2";
				TEST_HOST = "$(BUILT_PRODUCTS_DIR)/Reciplease.app/Reciplease";
			};
			name = Debug;
		};
		E61BA3BD26BC3569002585FC /* Release */ = {
			isa = XCBuildConfiguration;
			baseConfigurationReference = C8816CBE531A7C7560E19D32 /* Pods-RecipleaseTests.release.xcconfig */;
			buildSettings = {
				BUNDLE_LOADER = "$(TEST_HOST)";
				CODE_SIGN_STYLE = Automatic;
				DEVELOPMENT_TEAM = 6G9LUNFQUF;
				INFOPLIST_FILE = RecipleaseTests/Info.plist;
				LD_RUNPATH_SEARCH_PATHS = (
					"$(inherited)",
					"@executable_path/Frameworks",
					"@loader_path/Frameworks",
				);
				PRODUCT_BUNDLE_IDENTIFIER = fr.benjomaa.farid.RecipleaseTests;
				PRODUCT_NAME = "$(TARGET_NAME)";
				SWIFT_VERSION = 5.0;
				TARGETED_DEVICE_FAMILY = "1,2";
				TEST_HOST = "$(BUILT_PRODUCTS_DIR)/Reciplease.app/Reciplease";
			};
			name = Release;
		};
		E61BA3CB26BC3596002585FC /* Debug */ = {
			isa = XCBuildConfiguration;
			baseConfigurationReference = BEF2B518E8819011CE8B08BB /* Pods-Reciplease-RecipleaseUITests.debug.xcconfig */;
			buildSettings = {
				CODE_SIGN_STYLE = Automatic;
				DEVELOPMENT_TEAM = 6G9LUNFQUF;
				INFOPLIST_FILE = RecipleaseUITests/Info.plist;
				LD_RUNPATH_SEARCH_PATHS = (
					"$(inherited)",
					"@executable_path/Frameworks",
					"@loader_path/Frameworks",
				);
				PRODUCT_BUNDLE_IDENTIFIER = fr.benjomaa.farid.RecipleaseUITests;
				PRODUCT_NAME = "$(TARGET_NAME)";
				SWIFT_VERSION = 5.0;
				TARGETED_DEVICE_FAMILY = "1,2";
				TEST_TARGET_NAME = Reciplease;
			};
			name = Debug;
		};
		E61BA3CC26BC3596002585FC /* Release */ = {
			isa = XCBuildConfiguration;
			baseConfigurationReference = C94124FF22F3CC30D39E3C0A /* Pods-Reciplease-RecipleaseUITests.release.xcconfig */;
			buildSettings = {
				CODE_SIGN_STYLE = Automatic;
				DEVELOPMENT_TEAM = 6G9LUNFQUF;
				INFOPLIST_FILE = RecipleaseUITests/Info.plist;
				LD_RUNPATH_SEARCH_PATHS = (
					"$(inherited)",
					"@executable_path/Frameworks",
					"@loader_path/Frameworks",
				);
				PRODUCT_BUNDLE_IDENTIFIER = fr.benjomaa.farid.RecipleaseUITests;
				PRODUCT_NAME = "$(TARGET_NAME)";
				SWIFT_VERSION = 5.0;
				TARGETED_DEVICE_FAMILY = "1,2";
				TEST_TARGET_NAME = Reciplease;
			};
			name = Release;
		};
		E6D479ED26A45D560061AFEA /* Debug */ = {
			isa = XCBuildConfiguration;
			buildSettings = {
				ALWAYS_SEARCH_USER_PATHS = NO;
				CLANG_ANALYZER_NONNULL = YES;
				CLANG_ANALYZER_NUMBER_OBJECT_CONVERSION = YES_AGGRESSIVE;
				CLANG_CXX_LANGUAGE_STANDARD = "gnu++14";
				CLANG_CXX_LIBRARY = "libc++";
				CLANG_ENABLE_MODULES = YES;
				CLANG_ENABLE_OBJC_ARC = YES;
				CLANG_ENABLE_OBJC_WEAK = YES;
				CLANG_WARN_BLOCK_CAPTURE_AUTORELEASING = YES;
				CLANG_WARN_BOOL_CONVERSION = YES;
				CLANG_WARN_COMMA = YES;
				CLANG_WARN_CONSTANT_CONVERSION = YES;
				CLANG_WARN_DEPRECATED_OBJC_IMPLEMENTATIONS = YES;
				CLANG_WARN_DIRECT_OBJC_ISA_USAGE = YES_ERROR;
				CLANG_WARN_DOCUMENTATION_COMMENTS = YES;
				CLANG_WARN_EMPTY_BODY = YES;
				CLANG_WARN_ENUM_CONVERSION = YES;
				CLANG_WARN_INFINITE_RECURSION = YES;
				CLANG_WARN_INT_CONVERSION = YES;
				CLANG_WARN_NON_LITERAL_NULL_CONVERSION = YES;
				CLANG_WARN_OBJC_IMPLICIT_RETAIN_SELF = YES;
				CLANG_WARN_OBJC_LITERAL_CONVERSION = YES;
				CLANG_WARN_OBJC_ROOT_CLASS = YES_ERROR;
				CLANG_WARN_QUOTED_INCLUDE_IN_FRAMEWORK_HEADER = YES;
				CLANG_WARN_RANGE_LOOP_ANALYSIS = YES;
				CLANG_WARN_STRICT_PROTOTYPES = YES;
				CLANG_WARN_SUSPICIOUS_MOVE = YES;
				CLANG_WARN_UNGUARDED_AVAILABILITY = YES_AGGRESSIVE;
				CLANG_WARN_UNREACHABLE_CODE = YES;
				CLANG_WARN__DUPLICATE_METHOD_MATCH = YES;
				COPY_PHASE_STRIP = NO;
				DEBUG_INFORMATION_FORMAT = dwarf;
				ENABLE_STRICT_OBJC_MSGSEND = YES;
				ENABLE_TESTABILITY = YES;
				GCC_C_LANGUAGE_STANDARD = gnu11;
				GCC_DYNAMIC_NO_PIC = NO;
				GCC_NO_COMMON_BLOCKS = YES;
				GCC_OPTIMIZATION_LEVEL = 0;
				GCC_PREPROCESSOR_DEFINITIONS = (
					"DEBUG=1",
					"$(inherited)",
				);
				GCC_WARN_64_TO_32_BIT_CONVERSION = YES;
				GCC_WARN_ABOUT_RETURN_TYPE = YES_ERROR;
				GCC_WARN_UNDECLARED_SELECTOR = YES;
				GCC_WARN_UNINITIALIZED_AUTOS = YES_AGGRESSIVE;
				GCC_WARN_UNUSED_FUNCTION = YES;
				GCC_WARN_UNUSED_VARIABLE = YES;
				IPHONEOS_DEPLOYMENT_TARGET = 14.5;
				MTL_ENABLE_DEBUG_INFO = INCLUDE_SOURCE;
				MTL_FAST_MATH = YES;
				ONLY_ACTIVE_ARCH = YES;
				SDKROOT = iphoneos;
				SWIFT_ACTIVE_COMPILATION_CONDITIONS = DEBUG;
				SWIFT_OPTIMIZATION_LEVEL = "-Onone";
			};
			name = Debug;
		};
		E6D479EE26A45D560061AFEA /* Release */ = {
			isa = XCBuildConfiguration;
			buildSettings = {
				ALWAYS_SEARCH_USER_PATHS = NO;
				CLANG_ANALYZER_NONNULL = YES;
				CLANG_ANALYZER_NUMBER_OBJECT_CONVERSION = YES_AGGRESSIVE;
				CLANG_CXX_LANGUAGE_STANDARD = "gnu++14";
				CLANG_CXX_LIBRARY = "libc++";
				CLANG_ENABLE_MODULES = YES;
				CLANG_ENABLE_OBJC_ARC = YES;
				CLANG_ENABLE_OBJC_WEAK = YES;
				CLANG_WARN_BLOCK_CAPTURE_AUTORELEASING = YES;
				CLANG_WARN_BOOL_CONVERSION = YES;
				CLANG_WARN_COMMA = YES;
				CLANG_WARN_CONSTANT_CONVERSION = YES;
				CLANG_WARN_DEPRECATED_OBJC_IMPLEMENTATIONS = YES;
				CLANG_WARN_DIRECT_OBJC_ISA_USAGE = YES_ERROR;
				CLANG_WARN_DOCUMENTATION_COMMENTS = YES;
				CLANG_WARN_EMPTY_BODY = YES;
				CLANG_WARN_ENUM_CONVERSION = YES;
				CLANG_WARN_INFINITE_RECURSION = YES;
				CLANG_WARN_INT_CONVERSION = YES;
				CLANG_WARN_NON_LITERAL_NULL_CONVERSION = YES;
				CLANG_WARN_OBJC_IMPLICIT_RETAIN_SELF = YES;
				CLANG_WARN_OBJC_LITERAL_CONVERSION = YES;
				CLANG_WARN_OBJC_ROOT_CLASS = YES_ERROR;
				CLANG_WARN_QUOTED_INCLUDE_IN_FRAMEWORK_HEADER = YES;
				CLANG_WARN_RANGE_LOOP_ANALYSIS = YES;
				CLANG_WARN_STRICT_PROTOTYPES = YES;
				CLANG_WARN_SUSPICIOUS_MOVE = YES;
				CLANG_WARN_UNGUARDED_AVAILABILITY = YES_AGGRESSIVE;
				CLANG_WARN_UNREACHABLE_CODE = YES;
				CLANG_WARN__DUPLICATE_METHOD_MATCH = YES;
				COPY_PHASE_STRIP = NO;
				DEBUG_INFORMATION_FORMAT = "dwarf-with-dsym";
				ENABLE_NS_ASSERTIONS = NO;
				ENABLE_STRICT_OBJC_MSGSEND = YES;
				GCC_C_LANGUAGE_STANDARD = gnu11;
				GCC_NO_COMMON_BLOCKS = YES;
				GCC_WARN_64_TO_32_BIT_CONVERSION = YES;
				GCC_WARN_ABOUT_RETURN_TYPE = YES_ERROR;
				GCC_WARN_UNDECLARED_SELECTOR = YES;
				GCC_WARN_UNINITIALIZED_AUTOS = YES_AGGRESSIVE;
				GCC_WARN_UNUSED_FUNCTION = YES;
				GCC_WARN_UNUSED_VARIABLE = YES;
				IPHONEOS_DEPLOYMENT_TARGET = 14.5;
				MTL_ENABLE_DEBUG_INFO = NO;
				MTL_FAST_MATH = YES;
				SDKROOT = iphoneos;
				SWIFT_COMPILATION_MODE = wholemodule;
				SWIFT_OPTIMIZATION_LEVEL = "-O";
				VALIDATE_PRODUCT = YES;
			};
			name = Release;
		};
		E6D479F026A45D560061AFEA /* Debug */ = {
			isa = XCBuildConfiguration;
			baseConfigurationReference = EE3F9DDB7CE1A6DE11B3A0AF /* Pods-Reciplease.debug.xcconfig */;
			buildSettings = {
				ASSETCATALOG_COMPILER_APPICON_NAME = AppIcon;
				ASSETCATALOG_COMPILER_GLOBAL_ACCENT_COLOR_NAME = AccentColor;
				CODE_SIGN_STYLE = Automatic;
				DEVELOPMENT_TEAM = 6G9LUNFQUF;
				INFOPLIST_FILE = Reciplease/Info.plist;
				IPHONEOS_DEPLOYMENT_TARGET = 14.1;
				LD_RUNPATH_SEARCH_PATHS = (
					"$(inherited)",
					"@executable_path/Frameworks",
				);
				PRODUCT_BUNDLE_IDENTIFIER = fr.benjomaa.farid.Reciplease;
				PRODUCT_NAME = "$(TARGET_NAME)";
				SWIFT_VERSION = 5.0;
				TARGETED_DEVICE_FAMILY = "1,2";
			};
			name = Debug;
		};
		E6D479F126A45D560061AFEA /* Release */ = {
			isa = XCBuildConfiguration;
			baseConfigurationReference = 4CFEDFECAD580BF01BE11C87 /* Pods-Reciplease.release.xcconfig */;
			buildSettings = {
				ASSETCATALOG_COMPILER_APPICON_NAME = AppIcon;
				ASSETCATALOG_COMPILER_GLOBAL_ACCENT_COLOR_NAME = AccentColor;
				CODE_SIGN_STYLE = Automatic;
				DEVELOPMENT_TEAM = 6G9LUNFQUF;
				INFOPLIST_FILE = Reciplease/Info.plist;
				IPHONEOS_DEPLOYMENT_TARGET = 14.1;
				LD_RUNPATH_SEARCH_PATHS = (
					"$(inherited)",
					"@executable_path/Frameworks",
				);
				PRODUCT_BUNDLE_IDENTIFIER = fr.benjomaa.farid.Reciplease;
				PRODUCT_NAME = "$(TARGET_NAME)";
				SWIFT_VERSION = 5.0;
				TARGETED_DEVICE_FAMILY = "1,2";
			};
			name = Release;
		};
/* End XCBuildConfiguration section */

/* Begin XCConfigurationList section */
		E61BA3BE26BC3569002585FC /* Build configuration list for PBXNativeTarget "RecipleaseTests" */ = {
			isa = XCConfigurationList;
			buildConfigurations = (
				E61BA3BC26BC3569002585FC /* Debug */,
				E61BA3BD26BC3569002585FC /* Release */,
			);
			defaultConfigurationIsVisible = 0;
			defaultConfigurationName = Release;
		};
		E61BA3CA26BC3596002585FC /* Build configuration list for PBXNativeTarget "RecipleaseUITests" */ = {
			isa = XCConfigurationList;
			buildConfigurations = (
				E61BA3CB26BC3596002585FC /* Debug */,
				E61BA3CC26BC3596002585FC /* Release */,
			);
			defaultConfigurationIsVisible = 0;
			defaultConfigurationName = Release;
		};
		E6D479BD26A45D540061AFEA /* Build configuration list for PBXProject "Reciplease" */ = {
			isa = XCConfigurationList;
			buildConfigurations = (
				E6D479ED26A45D560061AFEA /* Debug */,
				E6D479EE26A45D560061AFEA /* Release */,
			);
			defaultConfigurationIsVisible = 0;
			defaultConfigurationName = Release;
		};
		E6D479EF26A45D560061AFEA /* Build configuration list for PBXNativeTarget "Reciplease" */ = {
			isa = XCConfigurationList;
			buildConfigurations = (
				E6D479F026A45D560061AFEA /* Debug */,
				E6D479F126A45D560061AFEA /* Release */,
			);
			defaultConfigurationIsVisible = 0;
			defaultConfigurationName = Release;
		};
/* End XCConfigurationList section */

/* Begin XCVersionGroup section */
		E6D479CE26A45D540061AFEA /* Reciplease.xcdatamodeld */ = {
			isa = XCVersionGroup;
			children = (
				E6D479CF26A45D540061AFEA /* Reciplease.xcdatamodel */,
			);
			currentVersion = E6D479CF26A45D540061AFEA /* Reciplease.xcdatamodel */;
			path = Reciplease.xcdatamodeld;
			sourceTree = "<group>";
			versionGroupType = wrapper.xcdatamodel;
		};
/* End XCVersionGroup section */
	};
	rootObject = E6D479BA26A45D540061AFEA /* Project object */;
}
